
Microsoft Visual Studio Solution File, Format Version 12.00
# Visual Studio Version 17
VisualStudioVersion = 17.0.31903.59
MinimumVisualStudioVersion = 10.0.40219.1
Project("{9A19103F-16F7-4668-BE54-9A1E7A4F7556}") = "ClientExample", "ClientExample\ClientExample.csproj", "{642A563C-8FB0-407B-880B-C8CFFBE874BF}"
EndProject
Project("{9A19103F-16F7-4668-BE54-9A1E7A4F7556}") = "ExampleDataModel", "ExampleDataModel\ExampleDataModel.csproj", "{D1A3FFBD-848D-4C37-AB8A-BEC441C947A1}"
EndProject
Project("{9A19103F-16F7-4668-BE54-9A1E7A4F7556}") = "WebApiExample", "WebApiExample\WebApiExample.csproj", "{30CB1479-9874-48CD-A1AF-FACF4A42D83B}"
EndProject
Global
	GlobalSection(SolutionConfigurationPlatforms) = preSolution
		Debug|Any CPU = Debug|Any CPU
		Release|Any CPU = Release|Any CPU
	EndGlobalSection
	GlobalSection(ProjectConfigurationPlatforms) = postSolution
		{642A563C-8FB0-407B-880B-C8CFFBE874BF}.Debug|Any CPU.ActiveCfg = Debug|Any CPU
		{642A563C-8FB0-407B-880B-C8CFFBE874BF}.Debug|Any CPU.Build.0 = Debug|Any CPU
		{642A563C-8FB0-407B-880B-C8CFFBE874BF}.Release|Any CPU.ActiveCfg = Release|Any CPU
		{642A563C-8FB0-407B-880B-C8CFFBE874BF}.Release|Any CPU.Build.0 = Release|Any CPU
		{D1A3FFBD-848D-4C37-AB8A-BEC441C947A1}.Debug|Any CPU.ActiveCfg = Debug|Any CPU
		{D1A3FFBD-848D-4C37-AB8A-BEC441C947A1}.Debug|Any CPU.Build.0 = Debug|Any CPU
		{D1A3FFBD-848D-4C37-AB8A-BEC441C947A1}.Release|Any CPU.ActiveCfg = Release|Any CPU
		{D1A3FFBD-848D-4C37-AB8A-BEC441C947A1}.Release|Any CPU.Build.0 = Release|Any CPU
		{30CB1479-9874-48CD-A1AF-FACF4A42D83B}.Debug|Any CPU.ActiveCfg = Debug|Any CPU
		{30CB1479-9874-48CD-A1AF-FACF4A42D83B}.Debug|Any CPU.Build.0 = Debug|Any CPU
		{30CB1479-9874-48CD-A1AF-FACF4A42D83B}.Release|Any CPU.ActiveCfg = Release|Any CPU
		{30CB1479-9874-48CD-A1AF-FACF4A42D83B}.Release|Any CPU.Build.0 = Release|Any CPU
	EndGlobalSection
	GlobalSection(SolutionProperties) = preSolution
		HideSolutionNode = FALSE
	EndGlobalSection
	GlobalSection(ExtensibilityGlobals) = postSolution
		SolutionGuid = {CF03E21B-9ED2-4EB1-916F-5F2A2F3B7722}
	EndGlobalSection
EndGlobal
